# This file is automatically @generated by Cargo.
# It is not intended for manual editing.
version = 4

[[package]]
name = "adler2"
version = "2.0.1"
source = "registry+https://github.com/rust-lang/crates.io-index"
checksum = "320119579fcad9c21884f5c4861d16174d0e06250625266f50fe6898340abefa"

[[package]]
name = "anyhow"
version = "1.0.102"
source = "registry+https://github.com/rust-lang/crates.io-index"
checksum = "7f202df86484c868dbad7eaa557ef785d5c66295e41b460ef922eca0723b842c"

[[package]]
name = "arcstr"
version = "1.2.0"
source = "registry+https://github.com/rust-lang/crates.io-index"
checksum = "03918c3dbd7701a85c6b9887732e2921175f26c350b4563841d0958c21d57e6d"

[[package]]
name = "autocfg"
version = "1.5.0"
source = "registry+https://github.com/rust-lang/crates.io-index"
checksum = "c08606f8c3cbf4ce6ec8e28fb0014a2c086708fe954eaa885384a6165172e7e8"

[[package]]
name = "bitflags"
version = "1.3.2"
source = "registry+https://github.com/rust-lang/crates.io-index"
checksum = "bef38d45163c2f1dde094a7dfd33ccf595c92905c8f8f4fdc18d06fb1037718a"

[[package]]
name = "bumpalo"
version = "3.20.3"
source = "registry+https://github.com/rust-lang/crates.io-index"
checksum = "72f5acc6cb2ba439de613abc23857ec3d78374d8ed5ac84e9d11336e87da8649"

[[package]]
name = "cc"
version = "1.2.61"
source = "registry+https://github.com/rust-lang/crates.io-index"
checksum = "d16d90359e986641506914ba71350897565610e87ce0ad9e6f28569db3dd5c6d"
dependencies = [
 "find-msvc-tools",
 "jobserver",
 "libc",
 "shlex",
]

[[package]]
name = "cfg-expr"
version = "0.15.8"
source = "registry+https://github.com/rust-lang/crates.io-index"
checksum = "d067ad48b8650848b989a59a86c6c36a995d02d2bf778d45c3c5d57bc2718f02"
dependencies = [
 "smallvec",
 "target-lexicon",
]

[[package]]
name = "cfg-if"
version = "1.0.4"
source = "registry+https://github.com/rust-lang/crates.io-index"
checksum = "9330f8b2ff13f34540b44e946ef35111825727b38d33286ef986142615121801"

[[package]]
name = "const-str"
version = "1.1.0"
source = "registry+https://github.com/rust-lang/crates.io-index"
checksum = "18f12cc9948ed9604230cdddc7c86e270f9401ccbe3c2e98a4378c5e7632212f"

[[package]]
name = "crc32fast"
version = "1.5.0"
source = "registry+https://github.com/rust-lang/crates.io-index"
checksum = "9481c1c90cbf2ac953f07c8d4a58aa3945c425b7185c9154d67a65e4230da511"
dependencies = [
 "cfg-if",
]

[[package]]
name = "crossbeam"
version = "0.8.4"
source = "registry+https://github.com/rust-lang/crates.io-index"
checksum = "1137cd7e7fc0fb5d3c5a8678be38ec56e819125d8d7907411fe24ccb943faca8"
dependencies = [
 "crossbeam-channel",
 "crossbeam-deque",
 "crossbeam-epoch",
 "crossbeam-queue",
 "crossbeam-utils",
]

[[package]]
name = "crossbeam-channel"
version = "0.5.15"
source = "registry+https://github.com/rust-lang/crates.io-index"
checksum = "82b8f8f868b36967f9606790d1903570de9ceaf870a7bf9fbbd3016d636a2cb2"
dependencies = [
 "crossbeam-utils",
]

[[package]]
name = "crossbeam-deque"
version = "0.8.6"
source = "registry+https://github.com/rust-lang/crates.io-index"
checksum = "9dd111b7b7f7d55b72c0a6ae361660ee5853c9af73f70c3c2ef6858b950e2e51"
dependencies = [
 "crossbeam-epoch",
 "crossbeam-utils",
]

[[package]]
name = "crossbeam-epoch"
version = "0.9.18"
source = "registry+https://github.com/rust-lang/crates.io-index"
checksum = "5b82ac4a3c2ca9c3460964f020e1402edd5753411d7737aa39c3714ad1b5420e"
dependencies = [
 "crossbeam-utils",
]

[[package]]
name = "crossbeam-queue"
version = "0.3.12"
source = "registry+https://github.com/rust-lang/crates.io-index"
checksum = "0f58bbc28f91df819d0aa2a2c00cd19754769c2fad90579b3592b1c9ba7a3115"
dependencies = [
 "crossbeam-utils",
]

[[package]]
name = "crossbeam-utils"
version = "0.8.21"
source = "registry+https://github.com/rust-lang/crates.io-index"
checksum = "d0a5c400df2834b80a4c3327b3aad3a4c4cd4de0629063962b03235697506a28"

[[package]]
name = "curl"
version = "0.4.49"
source = "registry+https://github.com/rust-lang/crates.io-index"
checksum = "79fc3b6dd0b87ba36e565715bf9a2ced221311db47bd18011676f24a6066edbc"
dependencies = [
 "curl-sys",
 "libc",
 "openssl-probe",
 "openssl-sys",
 "schannel",
 "socket2",
 "windows-sys 0.59.0",
]

[[package]]
name = "curl-sys"
version = "0.4.88+curl-8.20.0"
source = "registry+https://github.com/rust-lang/crates.io-index"
checksum = "644816de6547255eff4e491a1dda1c19b7237f00b62a61e6e64859ce4f2906d0"
dependencies = [
 "cc",
 "libc",
 "libz-sys",
 "openssl-sys",
 "pkg-config",
 "vcpkg",
 "windows-sys 0.61.2",
]

[[package]]
name = "dircpy"
version = "0.3.20"
source = "registry+https://github.com/rust-lang/crates.io-index"
checksum = "ebcbec2b9a580ddee352ac38523d2ecd4dcaad53532957034394556909e27f4b"
dependencies = [
 "jwalk",
 "log",
 "walkdir",
]

[[package]]
name = "either"
version = "1.15.0"
source = "registry+https://github.com/rust-lang/crates.io-index"
checksum = "48c757948c5ede0e46177b7add2e67155f70e33c07fea8284df6576da70b3719"

[[package]]
name = "encoding_rs"
version = "0.8.35"
source = "registry+https://github.com/rust-lang/crates.io-index"
checksum = "75030f3c4f45dafd7586dd6780965a8c7e8e285a5ecb86713e63a79c5b2766f3"
dependencies = [
 "cfg-if",
]

[[package]]
name = "equivalent"
version = "1.0.2"
source = "registry+https://github.com/rust-lang/crates.io-index"
checksum = "877a4ace8713b0bcf2a4e7eec82529c029f1d0619886d18145fea96c3ffe5c0f"

[[package]]
name = "find-msvc-tools"
version = "0.1.9"
source = "registry+https://github.com/rust-lang/crates.io-index"
checksum = "5baebc0774151f905a1a2cc41989300b1e6fbb29aff0ceffa1064fdd3088d582"

[[package]]
name = "flate2"
version = "1.1.9"
source = "registry+https://github.com/rust-lang/crates.io-index"
checksum = "843fba2746e448b37e26a819579957415c8cef339bf08564fe8b7ddbd959573c"
dependencies = [
 "miniz_oxide",
 "zlib-rs",
]

[[package]]
name = "getrandom"
version = "0.3.4"
source = "registry+https://github.com/rust-lang/crates.io-index"
checksum = "899def5c37c4fd7b2664648c28120ecec138e4d395b459e5ca34f9cce2dd77fd"
dependencies = [
 "cfg-if",
 "libc",
 "r-efi",
 "wasip2",
]

[[package]]
name = "hashbrown"
version = "0.17.1"
source = "registry+https://github.com/rust-lang/crates.io-index"
checksum = "ed5909b6e89a2db4456e54cd5f673791d7eca6732202bbf2a9cc504fe2f9b84a"

[[package]]
name = "heck"
version = "0.5.0"
source = "registry+https://github.com/rust-lang/crates.io-index"
checksum = "2304e00983f87ffb38b55b444b5e3b60a884b5d30c0fca7d82fe33449bbe55ea"

[[package]]
name = "indexmap"
version = "2.14.0"
source = "registry+https://github.com/rust-lang/crates.io-index"
checksum = "d466e9454f08e4a911e14806c24e16fba1b4c121d1ea474396f396069cf949d9"
dependencies = [
 "equivalent",
 "hashbrown",
]

[[package]]
name = "itoa"
version = "1.0.18"
source = "registry+https://github.com/rust-lang/crates.io-index"
checksum = "8f42a60cbdf9a97f5d2305f08a87dc4e09308d1276d28c869c684d7777685682"

[[package]]
name = "jobserver"
version = "0.1.34"
source = "registry+https://github.com/rust-lang/crates.io-index"
checksum = "9afb3de4395d6b3e67a780b6de64b51c978ecf11cb9a462c66be7d4ca9039d33"
dependencies = [
 "getrandom",
 "libc",
]

[[package]]
name = "jwalk"
version = "0.8.1"
source = "registry+https://github.com/rust-lang/crates.io-index"
checksum = "2735847566356cd2179a2a38264839308f7079fa96e6bd5a42d740460e003c56"
dependencies = [
 "crossbeam",
 "rayon",
]

[[package]]
name = "libc"
version = "0.2.186"
source = "registry+https://github.com/rust-lang/crates.io-index"
checksum = "68ab91017fe16c622486840e4c83c9a37afeff978bd239b5293d61ece587de66"

[[package]]
name = "libffi"
version = "5.1.0"
source = "registry+https://github.com/rust-lang/crates.io-index"
checksum = "0498fe5655f857803e156523e644dcdcdc3b3c7edda42ea2afdae2e09b2db87b"
dependencies = [
 "libc",
 "libffi-sys",
]

[[package]]
name = "libffi-sys"
version = "4.1.0"
source = "registry+https://github.com/rust-lang/crates.io-index"
checksum = "71d4f1d4ce15091955144350b75db16a96d4a63728500122706fb4d29a26afbb"
dependencies = [
 "cc",
]

[[package]]
name = "libopenmodelica_compiler"
version = "0.1.0"
dependencies = [
 "arcstr",
 "openmodelica_backend_main",
]

[[package]]
name = "libz-sys"
version = "1.1.29"
source = "registry+https://github.com/rust-lang/crates.io-index"
checksum = "85bc9657773828b90eeb625adff10eeac83cc21bbfd8e23a03eaa8a33c9e28d9"
dependencies = [
 "cc",
 "libc",
 "pkg-config",
 "vcpkg",
]

[[package]]
name = "log"
version = "0.4.31"
source = "registry+https://github.com/rust-lang/crates.io-index"
checksum = "113b30b4cd05f7c06868fdb2854f66a7b9fece9a48425351cd532e810d74024f"

[[package]]
name = "loop_unwrap"
version = "0.2.0"
source = "registry+https://github.com/rust-lang/crates.io-index"
checksum = "0904e6304e9caf24ea4948779e2dda92122bd7d3e98ae1926867df97093b9f9e"

[[package]]
name = "match_deref"
version = "0.1.2"
source = "registry+https://github.com/rust-lang/crates.io-index"
checksum = "6653e44fdfe194f0276ecec9460aff0dfbe621f87097984d1816bd62ec626a53"
dependencies = [
 "proc-macro2",
 "quote",
 "syn 1.0.109",
]

[[package]]
name = "memchr"
version = "2.8.0"
source = "registry+https://github.com/rust-lang/crates.io-index"
checksum = "f8ca58f447f06ed17d5fc4043ce1b10dd205e060fb3ce5b979b8ed8e59ff3f79"

[[package]]
name = "metamodelica"
version = "0.1.0"
dependencies = [
 "anyhow",
 "arcstr",
 "metamodelica_derive",
 "num-traits",
 "ordered-float",
]

[[package]]
name = "metamodelica_derive"
version = "0.1.0"
dependencies = [
 "proc-macro2",
 "quote",
 "syn 2.0.117",
]

[[package]]
name = "miniz_oxide"
version = "0.8.9"
source = "registry+https://github.com/rust-lang/crates.io-index"
checksum = "1fa76a2c86f704bdb222d66965fb3d63269ce38518b83cb0575fca855ebb6316"
dependencies = [
 "adler2",
 "simd-adler32",
]

[[package]]
name = "mmtorust"
version = "0.1.0"
dependencies = [
 "anyhow",
 "metamodelica",
 "openmodelica_ast",
 "rayon",
]

[[package]]
name = "num-traits"
version = "0.2.19"
source = "registry+https://github.com/rust-lang/crates.io-index"
checksum = "071dfc062690e90b734c0b2273ce72ad0ffa95f0c74596bc250dcfd960262841"
dependencies = [
 "autocfg",
]

[[package]]
name = "openmodelica"
version = "0.1.0"
dependencies = [
 "arcstr",
 "openmodelica_backend_main",
]

[[package]]
name = "openmodelica_ast"
version = "0.1.0"
dependencies = [
 "anyhow",
 "arcstr",
 "const-str",
 "loop_unwrap",
 "metamodelica",
 "openmodelica_error",
 "winnow",
]

[[package]]
name = "openmodelica_ast_collections"
version = "0.1.0"
dependencies = [
 "anyhow",
 "arcstr",
 "const-str",
 "loop_unwrap",
 "match_deref",
 "metamodelica",
 "openmodelica_ast",
 "openmodelica_frontend_dump",
 "openmodelica_util",
]

[[package]]
name = "openmodelica_backend"
version = "0.1.0"
dependencies = [
 "anyhow",
 "arcstr",
 "const-str",
 "loop_unwrap",
 "match_deref",
 "metamodelica",
 "openmodelica_ast",
 "openmodelica_ast_collections",
 "openmodelica_backend_types",
 "openmodelica_backend_util",
 "openmodelica_codegen_graphml",
 "openmodelica_error",
 "openmodelica_frontend",
 "openmodelica_frontend_base",
 "openmodelica_frontend_dump",
 "openmodelica_frontend_types",
 "openmodelica_nf_frontend",
 "openmodelica_program_util",
 "openmodelica_simcode_types",
 "openmodelica_simcode_util",
 "openmodelica_tpl",
 "openmodelica_util",
 "openmodelica_util_datatypes_basic",
 "roxmltree",
 "serde_json",
]

[[package]]
name = "openmodelica_backend_main"
version = "0.1.0"
dependencies = [
 "anyhow",
 "arcstr",
 "const-str",
 "loop_unwrap",
 "match_deref",
 "metamodelica",
 "openmodelica_ast",
 "openmodelica_backend",
 "openmodelica_backend_tools",
 "openmodelica_backend_types",
 "openmodelica_codegen",
 "openmodelica_codegen_c",
 "openmodelica_codegen_cfunctions",
 "openmodelica_codegen_cpp",
 "openmodelica_codegen_cpp_ext",
 "openmodelica_codegen_cpp_omsi_ext",
 "openmodelica_codegen_fmu_c",
 "openmodelica_codegen_fmu_omsi",
 "openmodelica_codegen_xml",
 "openmodelica_dump_extra",
 "openmodelica_error",
 "openmodelica_frontend",
 "openmodelica_frontend_base",
 "openmodelica_frontend_dump",
 "openmodelica_frontend_inst",
 "openmodelica_frontend_types",
 "openmodelica_nbackend",
 "openmodelica_nf_frontend",
 "openmodelica_program_util",
 "openmodelica_script_util",
 "openmodelica_simcode_types",
 "openmodelica_simcode_util",
 "openmodelica_susan",
 "openmodelica_tpl",
 "openmodelica_util",
 "openmodelica_util_datatypes_basic",
]

[[package]]
name = "openmodelica_backend_tools"
version = "0.1.0"
dependencies = [
 "anyhow",
 "arcstr",
 "const-str",
 "loop_unwrap",
 "match_deref",
 "metamodelica",
 "openmodelica_ast",
 "openmodelica_backend",
 "openmodelica_backend_types",
 "openmodelica_backend_util",
 "openmodelica_frontend",
 "openmodelica_frontend_base",
 "openmodelica_frontend_dump",
 "openmodelica_frontend_types",
 "openmodelica_program_util",
 "openmodelica_simcode_types",
 "openmodelica_tpl",
 "openmodelica_util",
 "openmodelica_util_datatypes_basic",
]

[[package]]
name = "openmodelica_backend_types"
version = "0.1.0"
dependencies = [
 "anyhow",
 "arcstr",
 "const-str",
 "loop_unwrap",
 "match_deref",
 "metamodelica",
 "openmodelica_ast",
 "openmodelica_ast_collections",
 "openmodelica_frontend_dump",
 "openmodelica_frontend_types",
 "openmodelica_util",
 "openmodelica_util_datatypes_basic",
]

[[package]]
name = "openmodelica_backend_util"
version = "0.1.0"
dependencies = [
 "anyhow",
 "arcstr",
 "const-str",
 "loop_unwrap",
 "metamodelica",
 "openmodelica_util",
 "openmodelica_util_datatypes_basic",
]

[[package]]
name = "openmodelica_codegen"
version = "0.1.0"
dependencies = [
 "anyhow",
 "arcstr",
 "const-str",
 "loop_unwrap",
 "match_deref",
 "metamodelica",
 "openmodelica_ast",
 "openmodelica_backend",
 "openmodelica_backend_types",
 "openmodelica_frontend_base",
 "openmodelica_frontend_dump",
 "openmodelica_frontend_types",
 "openmodelica_simcode_types",
 "openmodelica_tpl",
 "openmodelica_util",
 "openmodelica_util_datatypes_basic",
]

[[package]]
name = "openmodelica_codegen_c"
version = "0.1.0"
dependencies = [
 "anyhow",
 "arcstr",
 "const-str",
 "loop_unwrap",
 "match_deref",
 "metamodelica",
 "openmodelica_ast",
 "openmodelica_backend",
 "openmodelica_backend_types",
 "openmodelica_codegen",
 "openmodelica_codegen_cfunctions",
 "openmodelica_frontend_base",
 "openmodelica_frontend_dump",
 "openmodelica_frontend_types",
 "openmodelica_simcode_types",
 "openmodelica_simcode_util",
 "openmodelica_tpl",
 "openmodelica_util",
 "openmodelica_util_datatypes_basic",
]

[[package]]
name = "openmodelica_codegen_cfunctions"
version = "0.1.0"
dependencies = [
 "anyhow",
 "arcstr",
 "const-str",
 "loop_unwrap",
 "match_deref",
 "metamodelica",
 "openmodelica_ast",
 "openmodelica_backend",
 "openmodelica_backend_types",
 "openmodelica_frontend",
 "openmodelica_frontend_base",
 "openmodelica_frontend_dump",
 "openmodelica_frontend_types",
 "openmodelica_simcode_types",
 "openmodelica_simcode_util",
 "openmodelica_tpl",
 "openmodelica_util",
 "openmodelica_util_datatypes_basic",
]

[[package]]
name = "openmodelica_codegen_cpp"
version = "0.1.0"
dependencies = [
 "anyhow",
 "arcstr",
 "const-str",
 "loop_unwrap",
 "match_deref",
 "metamodelica",
 "openmodelica_ast",
 "openmodelica_backend",
 "openmodelica_backend_types",
 "openmodelica_codegen",
 "openmodelica_codegen_cpp_common",
 "openmodelica_frontend_base",
 "openmodelica_frontend_dump",
 "openmodelica_frontend_types",
 "openmodelica_simcode_types",
 "openmodelica_simcode_util",
 "openmodelica_tpl",
 "openmodelica_util",
 "openmodelica_util_datatypes_basic",
]

[[package]]
name = "openmodelica_codegen_cpp_common"
version = "0.1.0"
dependencies = [
 "anyhow",
 "arcstr",
 "const-str",
 "loop_unwrap",
 "match_deref",
 "metamodelica",
 "openmodelica_ast",
 "openmodelica_backend",
 "openmodelica_backend_types",
 "openmodelica_codegen_fmu",
 "openmodelica_frontend_base",
 "openmodelica_frontend_dump",
 "openmodelica_frontend_types",
 "openmodelica_simcode_types",
 "openmodelica_simcode_util",
 "openmodelica_tpl",
 "openmodelica_util",
 "openmodelica_util_datatypes_basic",
]

[[package]]
name = "openmodelica_codegen_cpp_ext"
version = "0.1.0"
dependencies = [
 "anyhow",
 "arcstr",
 "const-str",
 "loop_unwrap",
 "match_deref",
 "metamodelica",
 "openmodelica_ast",
 "openmodelica_backend",
 "openmodelica_backend_types",
 "openmodelica_codegen_cpp",
 "openmodelica_codegen_cpp_common",
 "openmodelica_codegen_fmu",
 "openmodelica_codegen_fmu_c",
 "openmodelica_frontend_base",
 "openmodelica_frontend_dump",
 "openmodelica_frontend_types",
 "openmodelica_simcode_types",
 "openmodelica_tpl",
 "openmodelica_util",
 "openmodelica_util_datatypes_basic",
]

[[package]]
name = "openmodelica_codegen_cpp_omsi"
version = "0.1.0"
dependencies = [
 "anyhow",
 "arcstr",
 "const-str",
 "loop_unwrap",
 "match_deref",
 "metamodelica",
 "openmodelica_ast",
 "openmodelica_backend",
 "openmodelica_backend_types",
 "openmodelica_codegen",
 "openmodelica_codegen_cpp_common",
 "openmodelica_frontend_base",
 "openmodelica_frontend_dump",
 "openmodelica_frontend_types",
 "openmodelica_simcode_types",
 "openmodelica_simcode_util",
 "openmodelica_tpl",
 "openmodelica_util",
 "openmodelica_util_datatypes_basic",
]

[[package]]
name = "openmodelica_codegen_cpp_omsi_ext"
version = "0.1.0"
dependencies = [
 "anyhow",
 "arcstr",
 "const-str",
 "loop_unwrap",
 "match_deref",
 "metamodelica",
 "openmodelica_ast",
 "openmodelica_backend",
 "openmodelica_backend_types",
 "openmodelica_codegen_cpp_common",
 "openmodelica_codegen_cpp_omsi",
 "openmodelica_codegen_fmu",
 "openmodelica_codegen_fmu_c",
 "openmodelica_frontend_base",
 "openmodelica_frontend_dump",
 "openmodelica_frontend_types",
 "openmodelica_simcode_types",
 "openmodelica_tpl",
 "openmodelica_util",
 "openmodelica_util_datatypes_basic",
]

[[package]]
name = "openmodelica_codegen_fmu"
version = "0.1.0"
dependencies = [
 "anyhow",
 "arcstr",
 "const-str",
 "loop_unwrap",
 "match_deref",
 "metamodelica",
 "openmodelica_ast",
 "openmodelica_backend",
 "openmodelica_backend_types",
 "openmodelica_codegen",
 "openmodelica_frontend_base",
 "openmodelica_frontend_dump",
 "openmodelica_frontend_types",
 "openmodelica_simcode_types",
 "openmodelica_simcode_util",
 "openmodelica_tpl",
 "openmodelica_util",
 "openmodelica_util_datatypes_basic",
]

[[package]]
name = "openmodelica_codegen_fmu_c"
version = "0.1.0"
dependencies = [
 "anyhow",
 "arcstr",
 "const-str",
 "loop_unwrap",
 "match_deref",
 "metamodelica",
 "openmodelica_ast",
 "openmodelica_backend",
 "openmodelica_codegen",
 "openmodelica_codegen_c",
 "openmodelica_codegen_cfunctions",
 "openmodelica_codegen_fmu",
 "openmodelica_frontend_base",
 "openmodelica_frontend_dump",
 "openmodelica_frontend_types",
 "openmodelica_simcode_types",
 "openmodelica_tpl",
 "openmodelica_util",
 "openmodelica_util_datatypes_basic",
]

[[package]]
name = "openmodelica_codegen_fmu_omsi"
version = "0.1.0"
dependencies = [
 "anyhow",
 "arcstr",
 "const-str",
 "loop_unwrap",
 "match_deref",
 "metamodelica",
 "openmodelica_ast",
 "openmodelica_backend",
 "openmodelica_backend_types",
 "openmodelica_codegen",
 "openmodelica_codegen_c",
 "openmodelica_codegen_cfunctions",
 "openmodelica_codegen_fmu_c",
 "openmodelica_frontend_base",
 "openmodelica_frontend_types",
 "openmodelica_simcode_types",
 "openmodelica_tpl",
 "openmodelica_util",
 "openmodelica_util_datatypes_basic",
]

[[package]]
name = "openmodelica_codegen_graphml"
version = "0.1.0"
dependencies = [
 "anyhow",
 "arcstr",
 "const-str",
 "loop_unwrap",
 "match_deref",
 "metamodelica",
 "openmodelica_tpl",
 "openmodelica_util",
 "openmodelica_util_datatypes_basic",
]

[[package]]
name = "openmodelica_codegen_xml"
version = "0.1.0"
dependencies = [
 "anyhow",
 "arcstr",
 "const-str",
 "loop_unwrap",
 "match_deref",
 "metamodelica",
 "openmodelica_ast",
 "openmodelica_backend_types",
 "openmodelica_frontend_base",
 "openmodelica_frontend_dump",
 "openmodelica_frontend_types",
 "openmodelica_simcode_types",
 "openmodelica_simcode_util",
 "openmodelica_tpl",
 "openmodelica_util",
 "openmodelica_util_datatypes_basic",
]

[[package]]
name = "openmodelica_dump_extra"
version = "0.1.0"
dependencies = [
 "anyhow",
 "arcstr",
 "const-str",
 "loop_unwrap",
 "match_deref",
 "metamodelica",
 "openmodelica_ast",
 "openmodelica_frontend_dump",
]

[[package]]
name = "openmodelica_error"
version = "0.1.0"
dependencies = [
 "anyhow",
 "arcstr",
 "const-str",
 "loop_unwrap",
 "metamodelica",
]

[[package]]
name = "openmodelica_frontend"
version = "0.1.0"
dependencies = [
 "anyhow",
 "arcstr",
 "const-str",
 "loop_unwrap",
 "match_deref",
 "metamodelica",
 "openmodelica_ast",
 "openmodelica_ast_collections",
 "openmodelica_codegen_graphml",
 "openmodelica_error",
 "openmodelica_frontend_base",
 "openmodelica_frontend_dump",
 "openmodelica_frontend_inst",
 "openmodelica_frontend_types",
 "openmodelica_script_util",
 "openmodelica_tpl",
 "openmodelica_util",
 "openmodelica_util_datatypes_basic",
]

[[package]]
name = "openmodelica_frontend_base"
version = "0.1.0"
dependencies = [
 "anyhow",
 "arcstr",
 "const-str",
 "loop_unwrap",
 "match_deref",
 "metamodelica",
 "openmodelica_ast",
 "openmodelica_ast_collections",
 "openmodelica_error",
 "openmodelica_frontend_dump",
 "openmodelica_frontend_inst",
 "openmodelica_frontend_types",
 "openmodelica_tpl",
 "openmodelica_util",
 "openmodelica_util_datatypes_basic",
]

[[package]]
name = "openmodelica_frontend_dump"
version = "0.1.0"
dependencies = [
 "anyhow",
 "arcstr",
 "const-str",
 "loop_unwrap",
 "match_deref",
 "metamodelica",
 "openmodelica_ast",
 "openmodelica_frontend_types",
 "openmodelica_tpl",
 "openmodelica_util",
 "openmodelica_util_datatypes_basic",
]

[[package]]
name = "openmodelica_frontend_inst"
version = "0.1.0"
dependencies = [
 "anyhow",
 "arcstr",
 "const-str",
 "loop_unwrap",
 "match_deref",
 "metamodelica",
 "openmodelica_ast",
 "openmodelica_frontend_dump",
 "openmodelica_frontend_types",
 "openmodelica_util_datatypes_basic",
]

[[package]]
name = "openmodelica_frontend_types"
version = "0.1.0"
dependencies = [
 "anyhow",
 "arcstr",
 "const-str",
 "loop_unwrap",
 "metamodelica",
 "openmodelica_ast",
]

[[package]]
name = "openmodelica_nbackend"
version = "0.1.0"
dependencies = [
 "anyhow",
 "arcstr",
 "const-str",
 "loop_unwrap",
 "match_deref",
 "metamodelica",
 "openmodelica_ast",
 "openmodelica_backend_types",
 "openmodelica_backend_util",
 "openmodelica_frontend_base",
 "openmodelica_frontend_dump",
 "openmodelica_frontend_types",
 "openmodelica_nf_frontend",
 "openmodelica_program_util",
 "openmodelica_simcode_types",
 "openmodelica_simcode_util",
 "openmodelica_util",
 "openmodelica_util_datatypes_basic",
]

[[package]]
name = "openmodelica_nf_frontend"
version = "0.1.0"
dependencies = [
 "anyhow",
 "arcstr",
 "cc",
 "const-str",
 "libc",
 "libffi",
 "loop_unwrap",
 "match_deref",
 "metamodelica",
 "openmodelica_ast",
 "openmodelica_error",
 "openmodelica_frontend_dump",
 "openmodelica_frontend_types",
 "openmodelica_util",
 "openmodelica_util_datatypes_basic",
]

[[package]]
name = "openmodelica_program_util"
version = "0.1.0"
dependencies = [
 "anyhow",
 "arcstr",
 "const-str",
 "loop_unwrap",
 "match_deref",
 "metamodelica",
 "openmodelica_ast",
 "openmodelica_frontend",
 "openmodelica_frontend_dump",
 "openmodelica_util",
 "openmodelica_util_datatypes_basic",
]

[[package]]
name = "openmodelica_script_util"
version = "0.1.0"
dependencies = [
 "anyhow",
 "arcstr",
 "const-str",
 "curl",
 "loop_unwrap",
 "match_deref",
 "metamodelica",
 "openmodelica_ast",
 "openmodelica_error",
 "openmodelica_frontend_dump",
 "openmodelica_frontend_types",
 "openmodelica_util",
 "openmodelica_util_datatypes_basic",
 "zip",
]

[[package]]
name = "openmodelica_simcode_types"
version = "0.1.0"
dependencies = [
 "anyhow",
 "arcstr",
 "const-str",
 "loop_unwrap",
 "match_deref",
 "metamodelica",
 "openmodelica_ast",
 "openmodelica_backend_types",
 "openmodelica_frontend_dump",
 "openmodelica_frontend_types",
 "openmodelica_util",
 "openmodelica_util_datatypes_basic",
]

[[package]]
name = "openmodelica_simcode_util"
version = "0.1.0"
dependencies = [
 "anyhow",
 "arcstr",
 "const-str",
 "loop_unwrap",
 "match_deref",
 "metamodelica",
 "openmodelica_ast",
 "openmodelica_ast_collections",
 "openmodelica_frontend",
 "openmodelica_frontend_base",
 "openmodelica_frontend_dump",
 "openmodelica_frontend_types",
 "openmodelica_program_util",
 "openmodelica_simcode_types",
 "openmodelica_util",
 "openmodelica_util_datatypes_basic",
]

[[package]]
name = "openmodelica_susan"
version = "0.1.0"
dependencies = [
 "anyhow",
 "arcstr",
 "const-str",
 "loop_unwrap",
 "match_deref",
 "metamodelica",
 "openmodelica_tpl",
 "openmodelica_util",
 "openmodelica_util_datatypes_basic",
]

[[package]]
name = "openmodelica_tpl"
version = "0.1.0"
dependencies = [
 "anyhow",
 "arcstr",
 "const-str",
 "loop_unwrap",
 "match_deref",
 "metamodelica",
 "openmodelica_util",
 "openmodelica_util_datatypes_basic",
]

[[package]]
name = "openmodelica_util"
version = "0.1.0"
dependencies = [
 "anyhow",
 "arcstr",
 "cc",
 "const-str",
 "encoding_rs",
 "libc",
 "loop_unwrap",
 "match_deref",
 "metamodelica",
 "openmodelica_error",
 "openmodelica_util_datatypes_basic",
 "roxmltree",
 "zip",
 "zmq",
]

[[package]]
name = "openmodelica_util_datatypes_basic"
version = "0.1.0"
dependencies = [
 "anyhow",
 "arcstr",
 "const-str",
 "loop_unwrap",
 "match_deref",
 "metamodelica",
]

[[package]]
name = "openssl-probe"
version = "0.1.6"
source = "registry+https://github.com/rust-lang/crates.io-index"
checksum = "d05e27ee213611ffe7d6348b942e8f942b37114c00cc03cec254295a4a17852e"

[[package]]
name = "openssl-sys"
version = "0.9.116"
source = "registry+https://github.com/rust-lang/crates.io-index"
checksum = "f28a22dc7140cda5f096e5e7724a6962ca81a7f8bfd2979f9b18c11af56318c4"
dependencies = [
 "cc",
 "libc",
 "pkg-config",
 "vcpkg",
]

[[package]]
name = "ordered-float"
version = "5.3.0"
source = "registry+https://github.com/rust-lang/crates.io-index"
checksum = "b7d950ca161dc355eaf28f82b11345ed76c6e1f6eb1f4f4479e0323b9e2fbd0e"
dependencies = [
 "num-traits",
]

[[package]]
name = "pkg-config"
version = "0.3.33"
source = "registry+https://github.com/rust-lang/crates.io-index"
checksum = "19f132c84eca552bf34cab8ec81f1c1dcc229b811638f9d283dceabe58c5569e"

[[package]]
name = "proc-macro2"
version = "1.0.106"
source = "registry+https://github.com/rust-lang/crates.io-index"
checksum = "8fd00f0bb2e90d81d1044c2b32617f68fcb9fa3bb7640c23e9c748e53fb30934"
dependencies = [
 "unicode-ident",
]

[[package]]
name = "quote"
version = "1.0.45"
source = "registry+https://github.com/rust-lang/crates.io-index"
checksum = "41f2619966050689382d2b44f664f4bc593e129785a36d6ee376ddf37259b924"
dependencies = [
 "proc-macro2",
]

[[package]]
name = "r-efi"
version = "5.3.0"
source = "registry+https://github.com/rust-lang/crates.io-index"
checksum = "69cdb34c158ceb288df11e18b4bd39de994f6657d83847bdffdbd7f346754b0f"

[[package]]
name = "rayon"
version = "1.12.0"
source = "registry+https://github.com/rust-lang/crates.io-index"
checksum = "fb39b166781f92d482534ef4b4b1b2568f42613b53e5b6c160e24cfbfa30926d"
dependencies = [
 "either",
 "rayon-core",
]

[[package]]
name = "rayon-core"
version = "1.13.0"
source = "registry+https://github.com/rust-lang/crates.io-index"
checksum = "22e18b0f0062d30d4230b2e85ff77fdfe4326feb054b9783a3460d8435c8ab91"
dependencies = [
 "crossbeam-deque",
 "crossbeam-utils",
]

[[package]]
name = "roxmltree"
version = "0.21.1"
source = "registry+https://github.com/rust-lang/crates.io-index"
checksum = "f1964b10c76125c36f8afe190065a4bf9a87bf324842c05701330bba9f1cacbb"
dependencies = [
 "memchr",
]

[[package]]
name = "same-file"
version = "1.0.6"
source = "registry+https://github.com/rust-lang/crates.io-index"
checksum = "93fc1dc3aaa9bfed95e02e6eadabb4baf7e3078b0bd1b4d7b6b0b68378900502"
dependencies = [
 "winapi-util",
]

[[package]]
name = "schannel"
version = "0.1.29"
source = "registry+https://github.com/rust-lang/crates.io-index"
checksum = "91c1b7e4904c873ef0710c1f407dde2e6287de2bebc1bbbf7d430bb7cbffd939"
dependencies = [
 "windows-sys 0.61.2",
]

[[package]]
name = "serde"
version = "1.0.228"
source = "registry+https://github.com/rust-lang/crates.io-index"
checksum = "9a8e94ea7f378bd32cbbd37198a4a91436180c5bb472411e48b5ec2e2124ae9e"
dependencies = [
 "serde_core",
]

[[package]]
name = "serde_core"
version = "1.0.228"
source = "registry+https://github.com/rust-lang/crates.io-index"
checksum = "41d385c7d4ca58e59fc732af25c3983b67ac852c1a25000afe1175de458b67ad"
dependencies = [
 "serde_derive",
]

[[package]]
name = "serde_derive"
version = "1.0.228"
source = "registry+https://github.com/rust-lang/crates.io-index"
checksum = "d540f220d3187173da220f885ab66608367b6574e925011a9353e4badda91d79"
dependencies = [
 "proc-macro2",
 "quote",
 "syn 2.0.117",
]

[[package]]
name = "serde_json"
version = "1.0.150"
source = "registry+https://github.com/rust-lang/crates.io-index"
checksum = "e8014e44b4736ed0538adeecded0fce2a272f22dc9578a7eb6b2d9993c74cfb9"
dependencies = [
 "itoa",
 "memchr",
 "serde",
 "serde_core",
 "zmij",
]

[[package]]
name = "serde_spanned"
version = "0.6.9"
source = "registry+https://github.com/rust-lang/crates.io-index"
checksum = "bf41e0cfaf7226dca15e8197172c295a782857fcb97fad1808a166870dee75a3"
dependencies = [
 "serde",
]

[[package]]
name = "shlex"
version = "1.3.0"
source = "registry+https://github.com/rust-lang/crates.io-index"
checksum = "0fda2ff0d084019ba4d7c6f371c95d8fd75ce3524c3cb8fb653a3023f6323e64"

[[package]]
name = "simd-adler32"
version = "0.3.9"
source = "registry+https://github.com/rust-lang/crates.io-index"
checksum = "703d5c7ef118737c72f1af64ad2f6f8c5e1921f818cdcb97b8fe6fc69bf66214"

[[package]]
name = "smallvec"
version = "1.15.2"
source = "registry+https://github.com/rust-lang/crates.io-index"
checksum = "8ed6a63f02c8539c91a8685a86f4099661ba3da017932f6ebbea6de3f0fa7c90"

[[package]]
name = "socket2"
version = "0.6.4"
source = "registry+https://github.com/rust-lang/crates.io-index"
checksum = "52d1cfed4120b4d927bf7c0f86d2087a4a7d6027c906d9f9d525a80573b9be51"
dependencies = [
 "libc",
 "windows-sys 0.61.2",
]

[[package]]
name = "syn"
version = "1.0.109"
source = "registry+https://github.com/rust-lang/crates.io-index"
checksum = "72b64191b275b66ffe2469e8af2c1cfe3bafa67b529ead792a6d0160888b4237"
dependencies = [
 "proc-macro2",
 "quote",
 "unicode-ident",
]

[[package]]
name = "syn"
version = "2.0.117"
source = "registry+https://github.com/rust-lang/crates.io-index"
checksum = "e665b8803e7b1d2a727f4023456bbbbe74da67099c585258af0ad9c5013b9b99"
dependencies = [
 "proc-macro2",
 "quote",
 "unicode-ident",
]

[[package]]
name = "system-deps"
version = "6.2.2"
source = "registry+https://github.com/rust-lang/crates.io-index"
checksum = "a3e535eb8dded36d55ec13eddacd30dec501792ff23a0b1682c38601b8cf2349"
dependencies = [
 "cfg-expr",
 "heck",
 "pkg-config",
 "toml",
 "version-compare",
]

[[package]]
name = "target-lexicon"
version = "0.12.16"
source = "registry+https://github.com/rust-lang/crates.io-index"
checksum = "61c41af27dd6d1e27b1b16b489db798443478cef1f06a660c96db617ba5de3b1"

[[package]]
name = "toml"
version = "0.8.23"
source = "registry+https://github.com/rust-lang/crates.io-index"
checksum = "dc1beb996b9d83529a9e75c17a1686767d148d70663143c7854d8b4a09ced362"
dependencies = [
 "serde",
 "serde_spanned",
 "toml_datetime",
 "toml_edit",
]

[[package]]
name = "toml_datetime"
version = "0.6.11"
source = "registry+https://github.com/rust-lang/crates.io-index"
checksum = "22cddaf88f4fbc13c51aebbf5f8eceb5c7c5a9da2ac40a13519eb5b0a0e8f11c"
dependencies = [
 "serde",
]

[[package]]
name = "toml_edit"
version = "0.22.27"
source = "registry+https://github.com/rust-lang/crates.io-index"
checksum = "41fe8c660ae4257887cf66394862d21dbca4a6ddd26f04a3560410406a2f819a"
dependencies = [
 "indexmap",
 "serde",
 "serde_spanned",
 "toml_datetime",
 "winnow",
]

[[package]]
name = "typed-path"
version = "0.12.3"
source = "registry+https://github.com/rust-lang/crates.io-index"
checksum = "8e28f89b80c87b8fb0cf04ab448d5dd0dd0ade2f8891bae878de66a75a28600e"

[[package]]
name = "unicode-ident"
version = "1.0.24"
source = "registry+https://github.com/rust-lang/crates.io-index"
checksum = "e6e4313cd5fcd3dad5cafa179702e2b244f760991f45397d14d4ebf38247da75"

[[package]]
name = "vcpkg"
version = "0.2.15"
source = "registry+https://github.com/rust-lang/crates.io-index"
checksum = "accd4ea62f7bb7a82fe23066fb0957d48ef677f6eeb8215f372f52e48bb32426"

[[package]]
name = "version-compare"
version = "0.2.1"
source = "registry+https://github.com/rust-lang/crates.io-index"
checksum = "03c2856837ef78f57382f06b2b8563a2f512f7185d732608fd9176cb3b8edf0e"

[[package]]
name = "walkdir"
version = "2.5.0"
source = "registry+https://github.com/rust-lang/crates.io-index"
checksum = "29790946404f91d9c5d06f9874efddea1dc06c5efe94541a7d6863108e3a5e4b"
dependencies = [
 "same-file",
 "winapi-util",
]

[[package]]
name = "wasip2"
version = "1.0.4+wasi-0.2.12"
source = "registry+https://github.com/rust-lang/crates.io-index"
checksum = "b67efb37e106e55ce722a510d6b5f9c17f083e5fc79afc2badeb12cc313d9487"
dependencies = [
 "wit-bindgen",
]

[[package]]
name = "winapi-util"
version = "0.1.11"
source = "registry+https://github.com/rust-lang/crates.io-index"
checksum = "c2a7b1c03c876122aa43f3020e6c3c3ee5c05081c9a00739faf7503aeba10d22"
dependencies = [
 "windows-sys 0.61.2",
]

[[package]]
name = "windows-link"
version = "0.2.1"
source = "registry+https://github.com/rust-lang/crates.io-index"
checksum = "f0805222e57f7521d6a62e36fa9163bc891acd422f971defe97d64e70d0a4fe5"

[[package]]
name = "windows-sys"
version = "0.59.0"
source = "registry+https://github.com/rust-lang/crates.io-index"
checksum = "1e38bc4d79ed67fd075bcc251a1c39b32a1776bbe92e5bef1f0bf1f8c531853b"
dependencies = [
 "windows-targets",
]

[[package]]
name = "windows-sys"
version = "0.61.2"
source = "registry+https://github.com/rust-lang/crates.io-index"
checksum = "ae137229bcbd6cdf0f7b80a31df61766145077ddf49416a728b02cb3921ff3fc"
dependencies = [
 "windows-link",
]

[[package]]
name = "windows-targets"
version = "0.52.6"
source = "registry+https://github.com/rust-lang/crates.io-index"
checksum = "9b724f72796e036ab90c1021d4780d4d3d648aca59e491e6b98e725b84e99973"
dependencies = [
 "windows_aarch64_gnullvm",
 "windows_aarch64_msvc",
 "windows_i686_gnu",
 "windows_i686_gnullvm",
 "windows_i686_msvc",
 "windows_x86_64_gnu",
 "windows_x86_64_gnullvm",
 "windows_x86_64_msvc",
]

[[package]]
name = "windows_aarch64_gnullvm"
version = "0.52.6"
source = "registry+https://github.com/rust-lang/crates.io-index"
checksum = "32a4622180e7a0ec044bb555404c800bc9fd9ec262ec147edd5989ccd0c02cd3"

[[package]]
name = "windows_aarch64_msvc"
version = "0.52.6"
source = "registry+https://github.com/rust-lang/crates.io-index"
checksum = "09ec2a7bb152e2252b53fa7803150007879548bc709c039df7627cabbd05d469"

[[package]]
name = "windows_i686_gnu"
version = "0.52.6"
source = "registry+https://github.com/rust-lang/crates.io-index"
checksum = "8e9b5ad5ab802e97eb8e295ac6720e509ee4c243f69d781394014ebfe8bbfa0b"

[[package]]
name = "windows_i686_gnullvm"
version = "0.52.6"
source = "registry+https://github.com/rust-lang/crates.io-index"
checksum = "0eee52d38c090b3caa76c563b86c3a4bd71ef1a819287c19d586d7334ae8ed66"

[[package]]
name = "windows_i686_msvc"
version = "0.52.6"
source = "registry+https://github.com/rust-lang/crates.io-index"
checksum = "240948bc05c5e7c6dabba28bf89d89ffce3e303022809e73deaefe4f6ec56c66"

[[package]]
name = "windows_x86_64_gnu"
version = "0.52.6"
source = "registry+https://github.com/rust-lang/crates.io-index"
checksum = "147a5c80aabfbf0c7d901cb5895d1de30ef2907eb21fbbab29ca94c5b08b1a78"

[[package]]
name = "windows_x86_64_gnullvm"
version = "0.52.6"
source = "registry+https://github.com/rust-lang/crates.io-index"
checksum = "24d5b23dc417412679681396f2b49f3de8c1473deb516bd34410872eff51ed0d"

[[package]]
name = "windows_x86_64_msvc"
version = "0.52.6"
source = "registry+https://github.com/rust-lang/crates.io-index"
checksum = "589f6da84c646204747d1270a2a5661ea66ed1cced2631d546fdfb155959f9ec"

[[package]]
name = "winnow"
version = "0.7.15"
source = "registry+https://github.com/rust-lang/crates.io-index"
checksum = "df79d97927682d2fd8adb29682d1140b343be4ac0f08fd68b7765d9c059d3945"
dependencies = [
 "memchr",
]

[[package]]
name = "wit-bindgen"
version = "0.57.1"
source = "registry+https://github.com/rust-lang/crates.io-index"
checksum = "1ebf944e87a7c253233ad6766e082e3cd714b5d03812acc24c318f549614536e"

[[package]]
name = "zeromq-src"
version = "0.2.6+4.3.4"
source = "registry+https://github.com/rust-lang/crates.io-index"
checksum = "fc120b771270365d5ed0dfb4baf1005f2243ae1ae83703265cb3504070f4160b"
dependencies = [
 "cc",
 "dircpy",
]

[[package]]
name = "zip"
version = "8.6.0"
source = "registry+https://github.com/rust-lang/crates.io-index"
checksum = "2d04a6b5381502aa6087c94c669499eb1602eb9c5e8198e534de571f7154809b"
dependencies = [
 "crc32fast",
 "flate2",
 "indexmap",
 "memchr",
 "typed-path",
 "zopfli",
]

[[package]]
name = "zlib-rs"
version = "0.6.3"
source = "registry+https://github.com/rust-lang/crates.io-index"
checksum = "3be3d40e40a133f9c916ee3f9f4fa2d9d63435b5fbe1bfc6d9dae0aa0ada1513"

[[package]]
name = "zmij"
version = "1.0.21"
source = "registry+https://github.com/rust-lang/crates.io-index"
checksum = "b8848ee67ecc8aedbaf3e4122217aff892639231befc6a1b58d29fff4c2cabaa"

[[package]]
name = "zmq"
version = "0.10.0"
source = "registry+https://github.com/rust-lang/crates.io-index"
checksum = "dd3091dd571fb84a9b3e5e5c6a807d186c411c812c8618786c3c30e5349234e7"
dependencies = [
 "bitflags",
 "libc",
 "zmq-sys",
]

[[package]]
name = "zmq-sys"
version = "0.12.0"
source = "registry+https://github.com/rust-lang/crates.io-index"
checksum = "8e8351dc72494b4d7f5652a681c33634063bbad58046c1689e75270908fdc864"
dependencies = [
 "libc",
 "system-deps",
 "zeromq-src",
]

[[package]]
name = "zopfli"
version = "0.8.3"
source = "registry+https://github.com/rust-lang/crates.io-index"
checksum = "f05cd8797d63865425ff89b5c4a48804f35ba0ce8d125800027ad6017d2b5249"
dependencies = [
 "bumpalo",
 "crc32fast",
 "log",
 "simd-adler32",
]
