# This file is automatically @generated by Cargo.
# It is not intended for manual editing.
version = 4

[[package]]
name = "addr2line"
version = "0.25.1"
source = "registry+https://github.com/rust-lang/crates.io-index"
checksum = "1b5d307320b3181d6d7954e663bd7c774a838b8220fe0593c86d9fb09f498b4b"
dependencies = [
 "gimli",
]

[[package]]
name = "adler2"
version = "2.0.1"
source = "registry+https://github.com/rust-lang/crates.io-index"
checksum = "320119579fcad9c21884f5c4861d16174d0e06250625266f50fe6898340abefa"

[[package]]
name = "anyhow"
version = "1.0.102"
source = "registry+https://github.com/rust-lang/crates.io-index"
checksum = "7f202df86484c868dbad7eaa557ef785d5c66295e41b460ef922eca0723b842c"

[[package]]
name = "arcstr"
version = "1.2.0"
source = "registry+https://github.com/rust-lang/crates.io-index"
checksum = "03918c3dbd7701a85c6b9887732e2921175f26c350b4563841d0958c21d57e6d"

[[package]]
name = "autocfg"
version = "1.5.0"
source = "registry+https://github.com/rust-lang/crates.io-index"
checksum = "c08606f8c3cbf4ce6ec8e28fb0014a2c086708fe954eaa885384a6165172e7e8"

[[package]]
name = "backtrace"
version = "0.3.76"
source = "registry+https://github.com/rust-lang/crates.io-index"
checksum = "bb531853791a215d7c62a30daf0dde835f381ab5de4589cfe7c649d2cbe92bd6"
dependencies = [
 "addr2line",
 "cfg-if",
 "libc",
 "miniz_oxide",
 "object",
 "rustc-demangle",
 "windows-link",
]

[[package]]
name = "backtrace-on-stack-overflow"
version = "0.3.0"
source = "registry+https://github.com/rust-lang/crates.io-index"
checksum = "7fd2d70527f3737a1ad17355e260706c1badebabd1fa06a7a053407380df841b"
dependencies = [
 "backtrace",
 "libc",
 "nix",
]

[[package]]
name = "bitflags"
version = "1.3.2"
source = "registry+https://github.com/rust-lang/crates.io-index"
checksum = "bef38d45163c2f1dde094a7dfd33ccf595c92905c8f8f4fdc18d06fb1037718a"

[[package]]
name = "cc"
version = "1.2.61"
source = "registry+https://github.com/rust-lang/crates.io-index"
checksum = "d16d90359e986641506914ba71350897565610e87ce0ad9e6f28569db3dd5c6d"
dependencies = [
 "find-msvc-tools",
 "shlex",
]

[[package]]
name = "cfg-if"
version = "1.0.4"
source = "registry+https://github.com/rust-lang/crates.io-index"
checksum = "9330f8b2ff13f34540b44e946ef35111825727b38d33286ef986142615121801"

[[package]]
name = "const-str"
version = "1.1.0"
source = "registry+https://github.com/rust-lang/crates.io-index"
checksum = "18f12cc9948ed9604230cdddc7c86e270f9401ccbe3c2e98a4378c5e7632212f"

[[package]]
name = "crossbeam-deque"
version = "0.8.6"
source = "registry+https://github.com/rust-lang/crates.io-index"
checksum = "9dd111b7b7f7d55b72c0a6ae361660ee5853c9af73f70c3c2ef6858b950e2e51"
dependencies = [
 "crossbeam-epoch",
 "crossbeam-utils",
]

[[package]]
name = "crossbeam-epoch"
version = "0.9.18"
source = "registry+https://github.com/rust-lang/crates.io-index"
checksum = "5b82ac4a3c2ca9c3460964f020e1402edd5753411d7737aa39c3714ad1b5420e"
dependencies = [
 "crossbeam-utils",
]

[[package]]
name = "crossbeam-utils"
version = "0.8.21"
source = "registry+https://github.com/rust-lang/crates.io-index"
checksum = "d0a5c400df2834b80a4c3327b3aad3a4c4cd4de0629063962b03235697506a28"

[[package]]
name = "either"
version = "1.15.0"
source = "registry+https://github.com/rust-lang/crates.io-index"
checksum = "48c757948c5ede0e46177b7add2e67155f70e33c07fea8284df6576da70b3719"

[[package]]
name = "find-msvc-tools"
version = "0.1.9"
source = "registry+https://github.com/rust-lang/crates.io-index"
checksum = "5baebc0774151f905a1a2cc41989300b1e6fbb29aff0ceffa1064fdd3088d582"

[[package]]
name = "gimli"
version = "0.32.3"
source = "registry+https://github.com/rust-lang/crates.io-index"
checksum = "e629b9b98ef3dd8afe6ca2bd0f89306cec16d43d907889945bc5d6687f2f13c7"

[[package]]
name = "libc"
version = "0.2.186"
source = "registry+https://github.com/rust-lang/crates.io-index"
checksum = "68ab91017fe16c622486840e4c83c9a37afeff978bd239b5293d61ece587de66"

[[package]]
name = "list_comprehension_macro"
version = "0.1.1"
source = "registry+https://github.com/rust-lang/crates.io-index"
checksum = "1f6b9436dcadceb8d39e4bed5045af1639cf369b68898ca1b0b11d7419e77e84"

[[package]]
name = "loop_unwrap"
version = "0.2.0"
source = "registry+https://github.com/rust-lang/crates.io-index"
checksum = "0904e6304e9caf24ea4948779e2dda92122bd7d3e98ae1926867df97093b9f9e"

[[package]]
name = "match_deref"
version = "0.1.2"
source = "registry+https://github.com/rust-lang/crates.io-index"
checksum = "6653e44fdfe194f0276ecec9460aff0dfbe621f87097984d1816bd62ec626a53"
dependencies = [
 "proc-macro2",
 "quote",
 "syn 1.0.109",
]

[[package]]
name = "memchr"
version = "2.8.0"
source = "registry+https://github.com/rust-lang/crates.io-index"
checksum = "f8ca58f447f06ed17d5fc4043ce1b10dd205e060fb3ce5b979b8ed8e59ff3f79"

[[package]]
name = "memoffset"
version = "0.6.5"
source = "registry+https://github.com/rust-lang/crates.io-index"
checksum = "5aa361d4faea93603064a027415f07bd8e1d5c88c9fbf68bf56a285428fd79ce"
dependencies = [
 "autocfg",
]

[[package]]
name = "metamodelica"
version = "0.1.0"
dependencies = [
 "anyhow",
 "arcstr",
 "num-traits",
 "ordered-float",
]

[[package]]
name = "miniz_oxide"
version = "0.8.9"
source = "registry+https://github.com/rust-lang/crates.io-index"
checksum = "1fa76a2c86f704bdb222d66965fb3d63269ce38518b83cb0575fca855ebb6316"
dependencies = [
 "adler2",
]

[[package]]
name = "mmtorust"
version = "0.1.0"
dependencies = [
 "anyhow",
 "metamodelica",
 "mmwinnow",
 "rayon",
]

[[package]]
name = "mmwinnow"
version = "0.1.0"
dependencies = [
 "anyhow",
 "arcstr",
 "backtrace-on-stack-overflow",
 "list_comprehension_macro",
 "metamodelica",
 "rayon",
 "winnow",
]

[[package]]
name = "nix"
version = "0.23.2"
source = "registry+https://github.com/rust-lang/crates.io-index"
checksum = "8f3790c00a0150112de0f4cd161e3d7fc4b2d8a5542ffc35f099a2562aecb35c"
dependencies = [
 "bitflags",
 "cc",
 "cfg-if",
 "libc",
 "memoffset",
]

[[package]]
name = "num-traits"
version = "0.2.19"
source = "registry+https://github.com/rust-lang/crates.io-index"
checksum = "071dfc062690e90b734c0b2273ce72ad0ffa95f0c74596bc250dcfd960262841"
dependencies = [
 "autocfg",
]

[[package]]
name = "object"
version = "0.37.3"
source = "registry+https://github.com/rust-lang/crates.io-index"
checksum = "ff76201f031d8863c38aa7f905eca4f53abbfa15f609db4277d44cd8938f33fe"
dependencies = [
 "memchr",
]

[[package]]
name = "openmodelica"
version = "0.1.0"
dependencies = [
 "metamodelica",
 "openmodelica_backend",
]

[[package]]
name = "openmodelica_ast"
version = "0.1.0"
dependencies = [
 "anyhow",
 "arcstr",
 "const-str",
 "loop_unwrap",
 "match_deref",
 "metamodelica",
 "tailcall",
]

[[package]]
name = "openmodelica_backend"
version = "0.1.0"
dependencies = [
 "anyhow",
 "arcstr",
 "const-str",
 "match_deref",
 "metamodelica",
 "openmodelica_frontend",
 "openmodelica_nf_frontend",
 "openmodelica_susan",
 "openmodelica_util",
 "openmodelica_util_datatypes_basic",
 "tailcall",
]

[[package]]
name = "openmodelica_frontend"
version = "0.1.0"
dependencies = [
 "anyhow",
 "arcstr",
 "const-str",
 "loop_unwrap",
 "match_deref",
 "metamodelica",
 "openmodelica_susan",
 "openmodelica_util",
 "openmodelica_util_datatypes_basic",
 "tailcall",
]

[[package]]
name = "openmodelica_frontend_dump"
version = "0.1.0"
dependencies = [
 "anyhow",
 "arcstr",
 "const-str",
 "loop_unwrap",
 "match_deref",
 "metamodelica",
 "openmodelica_ast",
 "openmodelica_frontend_types",
 "openmodelica_susan",
 "openmodelica_util",
 "openmodelica_util_datatypes_basic",
 "tailcall",
]

[[package]]
name = "openmodelica_frontend_types"
version = "0.1.0"
dependencies = [
 "anyhow",
 "arcstr",
 "const-str",
 "loop_unwrap",
 "match_deref",
 "metamodelica",
 "openmodelica_ast",
 "openmodelica_util_datatypes_basic",
 "tailcall",
]

[[package]]
name = "openmodelica_nf_frontend"
version = "0.1.0"
dependencies = [
 "anyhow",
 "arcstr",
 "const-str",
 "match_deref",
 "metamodelica",
 "openmodelica_frontend_dump",
 "openmodelica_frontend_types",
 "openmodelica_util",
 "openmodelica_util_datatypes_basic",
]

[[package]]
name = "openmodelica_susan"
version = "0.1.0"
dependencies = [
 "anyhow",
 "arcstr",
 "const-str",
 "loop_unwrap",
 "match_deref",
 "metamodelica",
 "openmodelica_util",
 "openmodelica_util_datatypes_basic",
 "tailcall",
]

[[package]]
name = "openmodelica_util"
version = "0.1.0"
dependencies = [
 "anyhow",
 "arcstr",
 "const-str",
 "loop_unwrap",
 "match_deref",
 "metamodelica",
 "openmodelica_util_datatypes_basic",
 "tailcall",
]

[[package]]
name = "openmodelica_util_datatypes_basic"
version = "0.1.0"
dependencies = [
 "anyhow",
 "arcstr",
 "const-str",
 "loop_unwrap",
 "match_deref",
 "metamodelica",
 "tailcall",
]

[[package]]
name = "ordered-float"
version = "5.3.0"
source = "registry+https://github.com/rust-lang/crates.io-index"
checksum = "b7d950ca161dc355eaf28f82b11345ed76c6e1f6eb1f4f4479e0323b9e2fbd0e"
dependencies = [
 "num-traits",
]

[[package]]
name = "proc-macro2"
version = "1.0.106"
source = "registry+https://github.com/rust-lang/crates.io-index"
checksum = "8fd00f0bb2e90d81d1044c2b32617f68fcb9fa3bb7640c23e9c748e53fb30934"
dependencies = [
 "unicode-ident",
]

[[package]]
name = "quote"
version = "1.0.45"
source = "registry+https://github.com/rust-lang/crates.io-index"
checksum = "41f2619966050689382d2b44f664f4bc593e129785a36d6ee376ddf37259b924"
dependencies = [
 "proc-macro2",
]

[[package]]
name = "rayon"
version = "1.12.0"
source = "registry+https://github.com/rust-lang/crates.io-index"
checksum = "fb39b166781f92d482534ef4b4b1b2568f42613b53e5b6c160e24cfbfa30926d"
dependencies = [
 "either",
 "rayon-core",
]

[[package]]
name = "rayon-core"
version = "1.13.0"
source = "registry+https://github.com/rust-lang/crates.io-index"
checksum = "22e18b0f0062d30d4230b2e85ff77fdfe4326feb054b9783a3460d8435c8ab91"
dependencies = [
 "crossbeam-deque",
 "crossbeam-utils",
]

[[package]]
name = "rustc-demangle"
version = "0.1.27"
source = "registry+https://github.com/rust-lang/crates.io-index"
checksum = "b50b8869d9fc858ce7266cce0194bd74df58b9d0e3f6df3a9fc8eb470d95c09d"

[[package]]
name = "shlex"
version = "1.3.0"
source = "registry+https://github.com/rust-lang/crates.io-index"
checksum = "0fda2ff0d084019ba4d7c6f371c95d8fd75ce3524c3cb8fb653a3023f6323e64"

[[package]]
name = "syn"
version = "1.0.109"
source = "registry+https://github.com/rust-lang/crates.io-index"
checksum = "72b64191b275b66ffe2469e8af2c1cfe3bafa67b529ead792a6d0160888b4237"
dependencies = [
 "proc-macro2",
 "quote",
 "unicode-ident",
]

[[package]]
name = "syn"
version = "2.0.117"
source = "registry+https://github.com/rust-lang/crates.io-index"
checksum = "e665b8803e7b1d2a727f4023456bbbbe74da67099c585258af0ad9c5013b9b99"
dependencies = [
 "proc-macro2",
 "quote",
 "unicode-ident",
]

[[package]]
name = "tailcall"
version = "2.3.0"
source = "registry+https://github.com/rust-lang/crates.io-index"
checksum = "c6be08989072ee5adeece48612b4f43ecf8ffce901dee274c33f7310c89f18de"
dependencies = [
 "tailcall-impl",
]

[[package]]
name = "tailcall-impl"
version = "2.3.0"
source = "registry+https://github.com/rust-lang/crates.io-index"
checksum = "44f72925e9aaaefcfbef1cf809d408e8a80bdb644ebe9fff0b94714d1d2d8e4d"
dependencies = [
 "proc-macro2",
 "quote",
 "syn 2.0.117",
]

[[package]]
name = "unicode-ident"
version = "1.0.24"
source = "registry+https://github.com/rust-lang/crates.io-index"
checksum = "e6e4313cd5fcd3dad5cafa179702e2b244f760991f45397d14d4ebf38247da75"

[[package]]
name = "windows-link"
version = "0.2.1"
source = "registry+https://github.com/rust-lang/crates.io-index"
checksum = "f0805222e57f7521d6a62e36fa9163bc891acd422f971defe97d64e70d0a4fe5"

[[package]]
name = "winnow"
version = "0.7.15"
source = "registry+https://github.com/rust-lang/crates.io-index"
checksum = "df79d97927682d2fd8adb29682d1140b343be4ac0f08fd68b7765d9c059d3945"
dependencies = [
 "memchr",
]
